
Microsoft Visual Studio Solution File, Format Version 12.00
# Visual Studio 15
VisualStudioVersion = 15.0.28010.2016
MinimumVisualStudioVersion = 10.0.40219.1
Project("{FAE04EC0-301F-11D3-BF4B-00C04F79EFBC}") = "Kinect1", "Kinect1\Kinect1.csproj", "{C2B623AD-3A31-47DE-83DD-FFB6D4D165CA}"
EndProject
Global
	GlobalSection(SolutionConfigurationPlatforms) = preSolution
		Debug|Any CPU = Debug|Any CPU
		Release|Any CPU = Release|Any CPU
	EndGlobalSection
	GlobalSection(ProjectConfigurationPlatforms) = postSolution
		{C2B623AD-3A31-47DE-83DD-FFB6D4D165CA}.Debug|Any CPU.ActiveCfg = Debug|Any CPU
		{C2B623AD-3A31-47DE-83DD-FFB6D4D165CA}.Debug|Any CPU.Build.0 = Debug|Any CPU
		{C2B623AD-3A31-47DE-83DD-FFB6D4D165CA}.Release|Any CPU.ActiveCfg = Release|Any CPU
		{C2B623AD-3A31-47DE-83DD-FFB6D4D165CA}.Release|Any CPU.Build.0 = Release|Any CPU
	EndGlobalSection
	GlobalSection(SolutionProperties) = preSolution
		HideSolutionNode = FALSE
	EndGlobalSection
	GlobalSection(ExtensibilityGlobals) = postSolution
		SolutionGuid = {F285F087-5996-4331-B1E1-B5D0E551BFC6}
	EndGlobalSection
EndGlobal
